Microsoft Visual Studio Solution File, Format Version 12.00
# Visual Studio Version 17
VisualStudioVersion = 17.5.2.0
MinimumVisualStudioVersion = 10.0.40219.1
Project("{FAE04EC0-301F-11D3-BF4B-00C04F79EFBC}") = "BatteryNotif", "BatteryNotif.csproj", "{9CA11407-CBBE-1EC6-5011-1DC0B6E36B89}"
EndProject
Global
	GlobalSection(SolutionConfigurationPlatforms) = preSolution
		Debug|Any CPU = Debug|Any CPU
		Release|Any CPU = Release|Any CPU
	EndGlobalSection
	GlobalSection(ProjectConfigurationPlatforms) = postSolution
		{9CA11407-CBBE-1EC6-5011-1DC0B6E36B89}.Debug|Any CPU.ActiveCfg = Debug|Any CPU
		{9CA11407-CBBE-1EC6-5011-1DC0B6E36B89}.Debug|Any CPU.Build.0 = Debug|Any CPU
		{9CA11407-CBBE-1EC6-5011-1DC0B6E36B89}.Release|Any CPU.ActiveCfg = Release|Any CPU
		{9CA11407-CBBE-1EC6-5011-1DC0B6E36B89}.Release|Any CPU.Build.0 = Release|Any CPU
	EndGlobalSection
	GlobalSection(SolutionProperties) = preSolution
		HideSolutionNode = FALSE
	EndGlobalSection
	GlobalSection(ExtensibilityGlobals) = postSolution
		SolutionGuid = {8C3BFAFD-2DCB-4051-B87F-3C97E5E17484}
	EndGlobalSection
EndGlobal
